# This file is automatically @generated by Poetry 1.8.2 and should not be changed by hand.

[[package]]
name = "azure-functions"
version = "1.18.0"
description = "Azure Functions for Python"
optional = false
python-versions = "*"
files = [
    {file = "azure-functions-1.18.0.tar.gz", hash = "sha256:4dc9f80d5550a1f7c874e1d4f64ace7f484406273246d4f90ff63c2a1b7f4950"},
    {file = "azure_functions-1.18.0-py3-none-any.whl", hash = "sha256:10b392f7c3b325623869d58b38112d624534645a54f1c753dc04199abbcf7b4d"},
]

[package.extras]
dev = ["coverage", "flake8 (>=4.0.1,<4.1.0)", "flake8-logging-format", "mypy", "pytest", "pytest-cov", "requests (==2.*)"]

[metadata]
lock-version = "2.0"
python-versions = "^3.12"
content-hash = "28bd25bc4bdc56d26d4e1c5d49fb620a56fb729480ec2454a755b89d09878048"
